Microsoft Visual Studio Solution File, Format Version 12.00
# Visual Studio 2012
Project("{FAE04EC0-301F-11D3-BF4B-00C04F79EFBC}") = "CPESGame", "CPESGame.csproj", "{791888ED-4DC0-4B63-8196-D1D2769D1ED5}"
EndProject
Global
	GlobalSection(SolutionConfigurationPlatforms) = preSolution
	Debug|Any CPU = Debug|Any CPU
	ExportDebug|Any CPU = ExportDebug|Any CPU
	ExportRelease|Any CPU = ExportRelease|Any CPU
	EndGlobalSection
	GlobalSection(ProjectConfigurationPlatforms) = postSolution
		{791888ED-4DC0-4B63-8196-D1D2769D1ED5}.Debug|Any CPU.ActiveCfg = Debug|Any CPU
		{791888ED-4DC0-4B63-8196-D1D2769D1ED5}.Debug|Any CPU.Build.0 = Debug|Any CPU
		{791888ED-4DC0-4B63-8196-D1D2769D1ED5}.ExportDebug|Any CPU.ActiveCfg = ExportDebug|Any CPU
		{791888ED-4DC0-4B63-8196-D1D2769D1ED5}.ExportDebug|Any CPU.Build.0 = ExportDebug|Any CPU
		{791888ED-4DC0-4B63-8196-D1D2769D1ED5}.ExportRelease|Any CPU.ActiveCfg = ExportRelease|Any CPU
		{791888ED-4DC0-4B63-8196-D1D2769D1ED5}.ExportRelease|Any CPU.Build.0 = ExportRelease|Any CPU
	EndGlobalSection
EndGlobal
